
Microsoft Visual Studio Solution File, Format Version 12.00
# Visual Studio Version 17
VisualStudioVersion = 17.5.002.0
MinimumVisualStudioVersion = 10.0.40219.1
Project("{9A19103F-16F7-4668-BE54-9A1E7A4F7556}") = "YamlDemo", "YamlDemo.csproj", "{CCDA88B7-B86F-4509-98D4-78E7A42B794C}"
EndProject
Global
	GlobalSection(SolutionConfigurationPlatforms) = preSolution
		Debug|Any CPU = Debug|Any CPU
		Release|Any CPU = Release|Any CPU
	EndGlobalSection
	GlobalSection(ProjectConfigurationPlatforms) = postSolution
		{CCDA88B7-B86F-4509-98D4-78E7A42B794C}.Debug|Any CPU.ActiveCfg = Debug|Any CPU
		{CCDA88B7-B86F-4509-98D4-78E7A42B794C}.Debug|Any CPU.Build.0 = Debug|Any CPU
		{CCDA88B7-B86F-4509-98D4-78E7A42B794C}.Release|Any CPU.ActiveCfg = Release|Any CPU
		{CCDA88B7-B86F-4509-98D4-78E7A42B794C}.Release|Any CPU.Build.0 = Release|Any CPU
	EndGlobalSection
	GlobalSection(SolutionProperties) = preSolution
		HideSolutionNode = FALSE
	EndGlobalSection
	GlobalSection(ExtensibilityGlobals) = postSolution
		SolutionGuid = {10FDA43F-2BAF-4F96-9157-0124E2B1D0A8}
	EndGlobalSection
EndGlobal
